
Microsoft Visual Studio Solution File, Format Version 12.00
# Visual Studio Version 17
VisualStudioVersion = 17.3.32811.315
MinimumVisualStudioVersion = 10.0.40219.1
Project("{FAE04EC0-301F-11D3-BF4B-00C04F79EFBC}") = "OONetpay", "OONetpay\OONetpay.csproj", "{9BFDC410-F7D1-46A2-987B-44C01A058AA8}"
EndProject
Global
	GlobalSection(SolutionConfigurationPlatforms) = preSolution
		Debug|Any CPU = Debug|Any CPU
		Release|Any CPU = Release|Any CPU
	EndGlobalSection
	GlobalSection(ProjectConfigurationPlatforms) = postSolution
		{9BFDC410-F7D1-46A2-987B-44C01A058AA8}.Debug|Any CPU.ActiveCfg = Debug|Any CPU
		{9BFDC410-F7D1-46A2-987B-44C01A058AA8}.Debug|Any CPU.Build.0 = Debug|Any CPU
		{9BFDC410-F7D1-46A2-987B-44C01A058AA8}.Release|Any CPU.ActiveCfg = Release|Any CPU
		{9BFDC410-F7D1-46A2-987B-44C01A058AA8}.Release|Any CPU.Build.0 = Release|Any CPU
	EndGlobalSection
	GlobalSection(SolutionProperties) = preSolution
		HideSolutionNode = FALSE
	EndGlobalSection
	GlobalSection(ExtensibilityGlobals) = postSolution
		SolutionGuid = {96B36D4E-AC85-42D1-BE8F-F1A84EFDC254}
	EndGlobalSection
EndGlobal
